
Microsoft Visual Studio Solution File, Format Version 12.00
# Visual Studio 15
VisualStudioVersion = 15.0.27428.2005
MinimumVisualStudioVersion = 10.0.40219.1
Project("{9A19103F-16F7-4668-BE54-9A1E7A4F7556}") = "CarsCore", "CarsCore\CarsCore.csproj", "{355657E7-8CA1-40D1-91C6-38AA5072641B}"
EndProject
Project("{9A19103F-16F7-4668-BE54-9A1E7A4F7556}") = "CarsCore.Tests", "CarsCore.Tests\CarsCore.Tests.csproj", "{385306B7-3644-421C-9D9B-D7640FB0F2B3}"
EndProject
Global
	GlobalSection(SolutionConfigurationPlatforms) = preSolution
		Debug|Any CPU = Debug|Any CPU
		Release|Any CPU = Release|Any CPU
	EndGlobalSection
	GlobalSection(ProjectConfigurationPlatforms) = postSolution
		{355657E7-8CA1-40D1-91C6-38AA5072641B}.Debug|Any CPU.ActiveCfg = Debug|Any CPU
		{355657E7-8CA1-40D1-91C6-38AA5072641B}.Debug|Any CPU.Build.0 = Debug|Any CPU
		{355657E7-8CA1-40D1-91C6-38AA5072641B}.Release|Any CPU.ActiveCfg = Release|Any CPU
		{355657E7-8CA1-40D1-91C6-38AA5072641B}.Release|Any CPU.Build.0 = Release|Any CPU
		{385306B7-3644-421C-9D9B-D7640FB0F2B3}.Debug|Any CPU.ActiveCfg = Debug|Any CPU
		{385306B7-3644-421C-9D9B-D7640FB0F2B3}.Debug|Any CPU.Build.0 = Debug|Any CPU
		{385306B7-3644-421C-9D9B-D7640FB0F2B3}.Release|Any CPU.ActiveCfg = Release|Any CPU
		{385306B7-3644-421C-9D9B-D7640FB0F2B3}.Release|Any CPU.Build.0 = Release|Any CPU
	EndGlobalSection
	GlobalSection(SolutionProperties) = preSolution
		HideSolutionNode = FALSE
	EndGlobalSection
	GlobalSection(ExtensibilityGlobals) = postSolution
		SolutionGuid = {D015C281-B91A-4A06-8795-9B38D1BB225A}
	EndGlobalSection
EndGlobal
